
Microsoft Visual Studio Solution File, Format Version 12.00
# Visual Studio Version 17
VisualStudioVersion = 17.13.35919.96 d17.13
MinimumVisualStudioVersion = 10.0.40219.1
Project("{FAE04EC0-301F-11D3-BF4B-00C04F79EFBC}") = "Inventory_Harina", "Inventory_Harina\Inventory_Harina.csproj", "{2BC42E58-19DB-45B4-8AA7-C88DB06DA585}"
EndProject
Global
	GlobalSection(SolutionConfigurationPlatforms) = preSolution
		Debug|Any CPU = Debug|Any CPU
		Release|Any CPU = Release|Any CPU
	EndGlobalSection
	GlobalSection(ProjectConfigurationPlatforms) = postSolution
		{2BC42E58-19DB-45B4-8AA7-C88DB06DA585}.Debug|Any CPU.ActiveCfg = Debug|Any CPU
		{2BC42E58-19DB-45B4-8AA7-C88DB06DA585}.Debug|Any CPU.Build.0 = Debug|Any CPU
		{2BC42E58-19DB-45B4-8AA7-C88DB06DA585}.Release|Any CPU.ActiveCfg = Release|Any CPU
		{2BC42E58-19DB-45B4-8AA7-C88DB06DA585}.Release|Any CPU.Build.0 = Release|Any CPU
	EndGlobalSection
	GlobalSection(SolutionProperties) = preSolution
		HideSolutionNode = FALSE
	EndGlobalSection
	GlobalSection(ExtensibilityGlobals) = postSolution
		SolutionGuid = {85E69324-2E8E-4B3B-8C09-CD02FE06425C}
	EndGlobalSection
EndGlobal
